<Solution>
  <Configurations>
    <Platform Name="Any CPU" />
    <Platform Name="x64" />
    <Platform Name="x86" />
  </Configurations>
  <Folder Name="/src/">
    <Project Path="src/MauiSherpa.AppInspector.Cli/Sherpa.AppInspector.Cli.csproj" />
    <Project Path="src/MauiSherpa.AppInspector/MauiSherpa.AppInspector.csproj" />
    <Project Path="src/MauiSherpa.Cli/MauiSherpa.Cli.csproj" />
    <Project Path="src/MauiSherpa.Core/MauiSherpa.Core.csproj" />
    <Project Path="src/MauiSherpa.LinuxGtk/MauiSherpa.LinuxGtk.csproj" />
    <Project Path="src/MauiSherpa.MacOS/MauiSherpa.MacOS.csproj" />
    <Project Path="src/MauiSherpa.ProfilingSample/MauiSherpa.ProfilingSample.csproj" />
    <Project Path="src/MauiSherpa.Workloads/MauiSherpa.Workloads.csproj" />
    <Project Path="src/MauiSherpa/MauiSherpa.csproj" />
  </Folder>
  <Folder Name="/tests/">
    <Project Path="tests/MauiSherpa.AppInspector.Cli.Tests/Sherpa.AppInspector.Cli.Tests.csproj" />
    <Project Path="tests/MauiSherpa.Core.Tests/MauiSherpa.Core.Tests.csproj" />
    <Project Path="tests/MauiSherpa.Workloads.Tests/MauiSherpa.Workloads.Tests.csproj" />
  </Folder>
</Solution>
