<Solution>
    <Folder Name="/.Solution/">
        <File Path="AGENTS.md" />
        <File Path="build\BundleUnxip.targets" />
        <File Path="build\DedupeNativeReferences.targets" />
        <File Path="build\SkipWindowsHeadOnNonWindows.targets" />
        <File Path="Directory.Build.props" />
        <File Path="Directory.Packages.props" />
        <File Path="dotnet-tools.json" />
        <File Path="global.json" />
        <File Path="LICENSE" />
        <File Path="nuget.config" />
        <File Path="README.md" />
    </Folder>
    <Folder Name="/tests/">
        <Project Path="tests/MauiSherpa.AppInspector.Cli.Tests/Sherpa.AppInspector.Cli.Tests.csproj" />
        <Project Path="tests/MauiSherpa.Core.Tests/MauiSherpa.Core.Tests.csproj" />
        <Project Path="tests/MauiSherpa.Workloads.Tests/MauiSherpa.Workloads.Tests.csproj" />
    </Folder>
    <Project Path="src/MauiSherpa.AppInspector.Cli/Sherpa.AppInspector.Cli.csproj" />
    <Project Path="src/MauiSherpa.AppInspector/MauiSherpa.AppInspector.csproj" />
    <Project Path="src/MauiSherpa.Cli/MauiSherpa.Cli.csproj" />
    <Project Path="src/MauiSherpa.Core/MauiSherpa.Core.csproj" />
    <Project Path="src/MauiSherpa.LinuxGtk/MauiSherpa.LinuxGtk.csproj" />
    <Project Path="src/MauiSherpa.MacOS/MauiSherpa.MacOS.csproj" />
    <Project Path="src/MauiSherpa.ProfilingSample/MauiSherpa.ProfilingSample.csproj" />
    <Project Path="src/MauiSherpa.Workloads/MauiSherpa.Workloads.csproj" />
    <Project Path="src/MauiSherpa/MauiSherpa.csproj" />
</Solution>
